// !$*UTF8*$!
{
	archiveVersion = 1;
	classes = {
	};
	objectVersion = 50;
	objects = {

/* Begin PBXBuildFile section */
		EA7934C1215AA43C00B2F3D8 /* AppDelegate.swift in Sources */ = {isa = PBXBuildFile; fileRef = EA7934C0215AA43C00B2F3D8 /* AppDelegate.swift */; };
		EA7934C3215AA43C00B2F3D8 /* ViewController.swift in Sources */ = {isa = PBXBuildFile; fileRef = EA7934C2215AA43C00B2F3D8 /* ViewController.swift */; };
		EA7934C6215AA43C00B2F3D8 /* Main.storyboard in Resources */ = {isa = PBXBuildFile; fileRef = EA7934C4215AA43C00B2F3D8 /* Main.storyboard */; };
		EA7934C8215AA43F00B2F3D8 /* Assets.xcassets in Resources */ = {isa = PBXBuildFile; fileRef = EA7934C7215AA43F00B2F3D8 /* Assets.xcassets */; };
		EA7934CB215AA43F00B2F3D8 /* LaunchScreen.storyboard in Resources */ = {isa = PBXBuildFile; fileRef = EA7934C9215AA43F00B2F3D8 /* LaunchScreen.storyboard */; };
		EA7934E5215AA54C00B2F3D8 /* LIProgressRing.framework in Frameworks */ = {isa = PBXBuildFile; fileRef = EA7934D9215AA4D500B2F3D8 /* LIProgressRing.framework */; };
		EA7934E6215AA54C00B2F3D8 /* LIProgressRing.framework in Embed Frameworks */ = {isa = PBXBuildFile; fileRef = EA7934D9215AA4D500B2F3D8 /* LIProgressRing.framework */; settings = {ATTRIBUTES = (CodeSignOnCopy, RemoveHeadersOnCopy, ); }; };
/* End PBXBuildFile section */

/* Begin PBXContainerItemProxy section */
		EA7934D8215AA4D500B2F3D8 /* PBXContainerItemProxy */ = {
			isa = PBXContainerItemProxy;
			containerPortal = EA7934D3215AA4D400B2F3D8 /* LIProgressRing.xcodeproj */;
			proxyType = 2;
			remoteGlobalIDString = EA793497215A99D900B2F3D8;
			remoteInfo = LIProgressRing;
		};
		EA7934DA215AA4D500B2F3D8 /* PBXContainerItemProxy */ = {
			isa = PBXContainerItemProxy;
			containerPortal = EA7934D3215AA4D400B2F3D8 /* LIProgressRing.xcodeproj */;
			proxyType = 2;
			remoteGlobalIDString = EA7934A0215A99D900B2F3D8;
			remoteInfo = LIProgressRingTests;
		};
		EA7934E7215AA54C00B2F3D8 /* PBXContainerItemProxy */ = {
			isa = PBXContainerItemProxy;
			containerPortal = EA7934D3215AA4D400B2F3D8 /* LIProgressRing.xcodeproj */;
			proxyType = 1;
			remoteGlobalIDString = EA793496215A99D900B2F3D8;
			remoteInfo = LIProgressRing;
		};
/* End PBXContainerItemProxy section */

/* Begin PBXCopyFilesBuildPhase section */
		EA7934E9215AA54C00B2F3D8 /* Embed Frameworks */ = {
			isa = PBXCopyFilesBuildPhase;
			buildActionMask = 2147483647;
			dstPath = "";
			dstSubfolderSpec = 10;
			files = (
				EA7934E6215AA54C00B2F3D8 /* LIProgressRing.framework in Embed Frameworks */,
			);
			name = "Embed Frameworks";
			runOnlyForDeploymentPostprocessing = 0;
		};
/* End PBXCopyFilesBuildPhase section */

/* Begin PBXFileReference section */
		EA7934BD215AA43C00B2F3D8 /* ExampleProject.app */ = {isa = PBXFileReference; explicitFileType = wrapper.application; includeInIndex = 0; path = ExampleProject.app; sourceTree = BUILT_PRODUCTS_DIR; };
		EA7934C0215AA43C00B2F3D8 /* AppDelegate.swift */ = {isa = PBXFileReference; lastKnownFileType = sourcecode.swift; path = AppDelegate.swift; sourceTree = "<group>"; };
		EA7934C2215AA43C00B2F3D8 /* ViewController.swift */ = {isa = PBXFileReference; lastKnownFileType = sourcecode.swift; path = ViewController.swift; sourceTree = "<group>"; };
		EA7934C5215AA43C00B2F3D8 /* Base */ = {isa = PBXFileReference; lastKnownFileType = file.storyboard; name = Base; path = Base.lproj/Main.storyboard; sourceTree = "<group>"; };
		EA7934C7215AA43F00B2F3D8 /* Assets.xcassets */ = {isa = PBXFileReference; lastKnownFileType = folder.assetcatalog; path = Assets.xcassets; sourceTree = "<group>"; };
		EA7934CA215AA43F00B2F3D8 /* Base */ = {isa = PBXFileReference; lastKnownFileType = file.storyboard; name = Base; path = Base.lproj/LaunchScreen.storyboard; sourceTree = "<group>"; };
		EA7934CC215AA43F00B2F3D8 /* Info.plist */ = {isa = PBXFileReference; lastKnownFileType = text.plist.xml; path = Info.plist; sourceTree = "<group>"; };
		EA7934D3215AA4D400B2F3D8 /* LIProgressRing.xcodeproj */ = {isa = PBXFileReference; lastKnownFileType = "wrapper.pb-project"; name = LIProgressRing.xcodeproj; path = ../LIProgressRing.xcodeproj; sourceTree = "<group>"; };
/* End PBXFileReference section */

/* Begin PBXFrameworksBuildPhase section */
		EA7934BA215AA43C00B2F3D8 /* Frameworks */ = {
			isa = PBXFrameworksBuildPhase;
			buildActionMask = 2147483647;
			files = (
				EA7934E5215AA54C00B2F3D8 /* LIProgressRing.framework in Frameworks */,
			);
			runOnlyForDeploymentPostprocessing = 0;
		};
/* End PBXFrameworksBuildPhase section */

/* Begin PBXGroup section */
		EA7934B4215AA43C00B2F3D8 = {
			isa = PBXGroup;
			children = (
				EA7934D3215AA4D400B2F3D8 /* LIProgressRing.xcodeproj */,
				EA7934BF215AA43C00B2F3D8 /* ExampleProject */,
				EA7934BE215AA43C00B2F3D8 /* Products */,
				EA7934DD215AA4FB00B2F3D8 /* Frameworks */,
			);
			sourceTree = "<group>";
		};
		EA7934BE215AA43C00B2F3D8 /* Products */ = {
			isa = PBXGroup;
			children = (
				EA7934BD215AA43C00B2F3D8 /* ExampleProject.app */,
			);
			name = Products;
			sourceTree = "<group>";
		};
		EA7934BF215AA43C00B2F3D8 /* ExampleProject */ = {
			isa = PBXGroup;
			children = (
				EA7934C0215AA43C00B2F3D8 /* AppDelegate.swift */,
				EA7934C2215AA43C00B2F3D8 /* ViewController.swift */,
				EA7934C4215AA43C00B2F3D8 /* Main.storyboard */,
				EA7934C7215AA43F00B2F3D8 /* Assets.xcassets */,
				EA7934C9215AA43F00B2F3D8 /* LaunchScreen.storyboard */,
				EA7934CC215AA43F00B2F3D8 /* Info.plist */,
			);
			path = ExampleProject;
			sourceTree = "<group>";
		};
		EA7934D4215AA4D400B2F3D8 /* Products */ = {
			isa = PBXGroup;
			children = (
				EA7934D9215AA4D500B2F3D8 /* LIProgressRing.framework */,
				EA7934DB215AA4D500B2F3D8 /* LIProgressRingTests.xctest */,
			);
			name = Products;
			sourceTree = "<group>";
		};
		EA7934DD215AA4FB00B2F3D8 /* Frameworks */ = {
			isa = PBXGroup;
			children = (
			);
			name = Frameworks;
			sourceTree = "<group>";
		};
/* End PBXGroup section */

/* Begin PBXNativeTarget section */
		EA7934BC215AA43C00B2F3D8 /* ExampleProject */ = {
			isa = PBXNativeTarget;
			buildConfigurationList = EA7934CF215AA43F00B2F3D8 /* Build configuration list for PBXNativeTarget "ExampleProject" */;
			buildPhases = (
				EA7934B9215AA43C00B2F3D8 /* Sources */,
				EA7934BA215AA43C00B2F3D8 /* Frameworks */,
				EA7934BB215AA43C00B2F3D8 /* Resources */,
				EA7934E9215AA54C00B2F3D8 /* Embed Frameworks */,
			);
			buildRules = (
			);
			dependencies = (
				EA7934E8215AA54C00B2F3D8 /* PBXTargetDependency */,
			);
			name = ExampleProject;
			productName = ExampleProject;
			productReference = EA7934BD215AA43C00B2F3D8 /* ExampleProject.app */;
			productType = "com.apple.product-type.application";
		};
/* End PBXNativeTarget section */

/* Begin PBXProject section */
		EA7934B5215AA43C00B2F3D8 /* Project object */ = {
			isa = PBXProject;
			attributes = {
				LastSwiftUpdateCheck = 0940;
				LastUpgradeCheck = 0940;
				ORGANIZATIONNAME = "ivan lares";
				TargetAttributes = {
					EA7934BC215AA43C00B2F3D8 = {
						CreatedOnToolsVersion = 9.4.1;
					};
				};
			};
			buildConfigurationList = EA7934B8215AA43C00B2F3D8 /* Build configuration list for PBXProject "ExampleProject" */;
			compatibilityVersion = "Xcode 9.3";
			developmentRegion = en;
			hasScannedForEncodings = 0;
			knownRegions = (
				en,
				Base,
			);
			mainGroup = EA7934B4215AA43C00B2F3D8;
			productRefGroup = EA7934BE215AA43C00B2F3D8 /* Products */;
			projectDirPath = "";
			projectReferences = (
				{
					ProductGroup = EA7934D4215AA4D400B2F3D8 /* Products */;
					ProjectRef = EA7934D3215AA4D400B2F3D8 /* LIProgressRing.xcodeproj */;
				},
			);
			projectRoot = "";
			targets = (
				EA7934BC215AA43C00B2F3D8 /* ExampleProject */,
			);
		};
/* End PBXProject section */

/* Begin PBXReferenceProxy section */
		EA7934D9215AA4D500B2F3D8 /* LIProgressRing.framework */ = {
			isa = PBXReferenceProxy;
			fileType = wrapper.framework;
			path = LIProgressRing.framework;
			remoteRef = EA7934D8215AA4D500B2F3D8 /* PBXContainerItemProxy */;
			sourceTree = BUILT_PRODUCTS_DIR;
		};
		EA7934DB215AA4D500B2F3D8 /* LIProgressRingTests.xctest */ = {
			isa = PBXReferenceProxy;
			fileType = wrapper.cfbundle;
			path = LIProgressRingTests.xctest;
			remoteRef = EA7934DA215AA4D500B2F3D8 /* PBXContainerItemProxy */;
			sourceTree = BUILT_PRODUCTS_DIR;
		};
/* End PBXReferenceProxy section */

/* Begin PBXResourcesBuildPhase section */
		EA7934BB215AA43C00B2F3D8 /* Resources */ = {
			isa = PBXResourcesBuildPhase;
			buildActionMask = 2147483647;
			files = (
				EA7934CB215AA43F00B2F3D8 /* LaunchScreen.storyboard in Resources */,
				EA7934C8215AA43F00B2F3D8 /* Assets.xcassets in Resources */,
				EA7934C6215AA43C00B2F3D8 /* Main.storyboard in Resources */,
			);
			runOnlyForDeploymentPostprocessing = 0;
		};
/* End PBXResourcesBuildPhase section */

/* Begin PBXSourcesBuildPhase section */
		EA7934B9215AA43C00B2F3D8 /* Sources */ = {
			isa = PBXSourcesBuildPhase;
			buildActionMask = 2147483647;
			files = (
				EA7934C3215AA43C00B2F3D8 /* ViewController.swift in Sources */,
				EA7934C1215AA43C00B2F3D8 /* AppDelegate.swift in Sources */,
			);
			runOnlyForDeploymentPostprocessing = 0;
		};
/* End PBXSourcesBuildPhase section */

/* Begin PBXTargetDependency section */
		EA7934E8215AA54C00B2F3D8 /* PBXTargetDependency */ = {
			isa = PBXTargetDependency;
			name = LIProgressRing;
			targetProxy = EA7934E7215AA54C00B2F3D8 /* PBXContainerItemProxy */;
		};
/* End PBXTargetDependency section */

/* Begin PBXVariantGroup section */
		EA7934C4215AA43C00B2F3D8 /* Main.storyboard */ = {
			isa = PBXVariantGroup;
			children = (
				EA7934C5215AA43C00B2F3D8 /* Base */,
			);
			name = Main.storyboard;
			sourceTree = "<group>";
		};
		EA7934C9215AA43F00B2F3D8 /* LaunchScreen.storyboard */ = {
			isa = PBXVariantGroup;
			children = (
				EA7934CA215AA43F00B2F3D8 /* Base */,
			);
			name = LaunchScreen.storyboard;
			sourceTree = "<group>";
		};
/* End PBXVariantGroup section */

/* Begin XCBuildConfiguration section */
		EA7934CD215AA43F00B2F3D8 /* Debug */ = {
			isa = XCBuildConfiguration;
			buildSettings = {
				ALWAYS_SEARCH_USER_PATHS = NO;
				CLANG_ANALYZER_NONNULL = YES;
				CLANG_ANALYZER_NUMBER_OBJECT_CONVERSION = YES_AGGRESSIVE;
				CLANG_CXX_LANGUAGE_STANDARD = "gnu++14";
				CLANG_CXX_LIBRARY = "libc++";
				CLANG_ENABLE_MODULES = YES;
				CLANG_ENABLE_OBJC_ARC = YES;
				CLANG_ENABLE_OBJC_WEAK = YES;
				CLANG_WARN_BLOCK_CAPTURE_AUTORELEASING = YES;
				CLANG_WARN_BOOL_CONVERSION = YES;
				CLANG_WARN_COMMA = YES;
				CLANG_WARN_CONSTANT_CONVERSION = YES;
				CLANG_WARN_DEPRECATED_OBJC_IMPLEMENTATIONS = YES;
				CLANG_WARN_DIRECT_OBJC_ISA_USAGE = YES_ERROR;
				CLANG_WARN_DOCUMENTATION_COMMENTS = YES;
				CLANG_WARN_EMPTY_BODY = YES;
				CLANG_WARN_ENUM_CONVERSION = YES;
				CLANG_WARN_INFINITE_RECURSION = YES;
				CLANG_WARN_INT_CONVERSION = YES;
				CLANG_WARN_NON_LITERAL_NULL_CONVERSION = YES;
				CLANG_WARN_OBJC_IMPLICIT_RETAIN_SELF = YES;
				CLANG_WARN_OBJC_LITERAL_CONVERSION = YES;
				CLANG_WARN_OBJC_ROOT_CLASS = YES_ERROR;
				CLANG_WARN_RANGE_LOOP_ANALYSIS = YES;
				CLANG_WARN_STRICT_PROTOTYPES = YES;
				CLANG_WARN_SUSPICIOUS_MOVE = YES;
				CLANG_WARN_UNGUARDED_AVAILABILITY = YES_AGGRESSIVE;
				CLANG_WARN_UNREACHABLE_CODE = YES;
				CLANG_WARN__DUPLICATE_METHOD_MATCH = YES;
				CODE_SIGN_IDENTITY = "iPhone Developer";
				COPY_PHASE_STRIP = NO;
				DEBUG_INFORMATION_FORMAT = dwarf;
				ENABLE_STRICT_OBJC_MSGSEND = YES;
				ENABLE_TESTABILITY = YES;
				GCC_C_LANGUAGE_STANDARD = gnu11;
				GCC_DYNAMIC_NO_PIC = NO;
				GCC_NO_COMMON_BLOCKS = YES;
				GCC_OPTIMIZATION_LEVEL = 0;
				GCC_PREPROCESSOR_DEFINITIONS = (
					"DEBUG=1",
					"$(inherited)",
				);
				GCC_WARN_64_TO_32_BIT_CONVERSION = YES;
				GCC_WARN_ABOUT_RETURN_TYPE = YES_ERROR;
				GCC_WARN_UNDECLARED_SELECTOR = YES;
				GCC_WARN_UNINITIALIZED_AUTOS = YES_AGGRESSIVE;
				GCC_WARN_UNUSED_FUNCTION = YES;
				GCC_WARN_UNUSED_VARIABLE = YES;
				IPHONEOS_DEPLOYMENT_TARGET = 11.4;
				MTL_ENABLE_DEBUG_INFO = YES;
				ONLY_ACTIVE_ARCH = YES;
				SDKROOT = iphoneos;
				SWIFT_ACTIVE_COMPILATION_CONDITIONS = DEBUG;
				SWIFT_OPTIMIZATION_LEVEL = "-Onone";
			};
			name = Debug;
		};
		EA7934CE215AA43F00B2F3D8 /* Release */ = {
			isa = XCBuildConfiguration;
			buildSettings = {
				ALWAYS_SEARCH_USER_PATHS = NO;
				CLANG_ANALYZER_NONNULL = YES;
				CLANG_ANALYZER_NUMBER_OBJECT_CONVERSION = YES_AGGRESSIVE;
				CLANG_CXX_LANGUAGE_STANDARD = "gnu++14";
				CLANG_CXX_LIBRARY = "libc++";
				CLANG_ENABLE_MODULES = YES;
				CLANG_ENABLE_OBJC_ARC = YES;
				CLANG_ENABLE_OBJC_WEAK = YES;
				CLANG_WARN_BLOCK_CAPTURE_AUTORELEASING = YES;
				CLANG_WARN_BOOL_CONVERSION = YES;
				CLANG_WARN_COMMA = YES;
				CLANG_WARN_CONSTANT_CONVERSION = YES;
				CLANG_WARN_DEPRECATED_OBJC_IMPLEMENTATIONS = YES;
				CLANG_WARN_DIRECT_OBJC_ISA_USAGE = YES_ERROR;
				CLANG_WARN_DOCUMENTATION_COMMENTS = YES;
				CLANG_WARN_EMPTY_BODY = YES;
				CLANG_WARN_ENUM_CONVERSION = YES;
				CLANG_WARN_INFINITE_RECURSION = YES;
				CLANG_WARN_INT_CONVERSION = YES;
				CLANG_WARN_NON_LITERAL_NULL_CONVERSION = YES;
				CLANG_WARN_OBJC_IMPLICIT_RETAIN_SELF = YES;
				CLANG_WARN_OBJC_LITERAL_CONVERSION = YES;
				CLANG_WARN_OBJC_ROOT_CLASS = YES_ERROR;
				CLANG_WARN_RANGE_LOOP_ANALYSIS = YES;
				CLANG_WARN_STRICT_PROTOTYPES = YES;
				CLANG_WARN_SUSPICIOUS_MOVE = YES;
				CLANG_WARN_UNGUARDED_AVAILABILITY = YES_AGGRESSIVE;
				CLANG_WARN_UNREACHABLE_CODE = YES;
				CLANG_WARN__DUPLICATE_METHOD_MATCH = YES;
				CODE_SIGN_IDENTITY = "iPhone Developer";
				COPY_PHASE_STRIP = NO;
				DEBUG_INFORMATION_FORMAT = "dwarf-with-dsym";
				ENABLE_NS_ASSERTIONS = NO;
				ENABLE_STRICT_OBJC_MSGSEND = YES;
				GCC_C_LANGUAGE_STANDARD = gnu11;
				GCC_NO_COMMON_BLOCKS = YES;
				GCC_WARN_64_TO_32_BIT_CONVERSION = YES;
				GCC_WARN_ABOUT_RETURN_TYPE = YES_ERROR;
				GCC_WARN_UNDECLARED_SELECTOR = YES;
				GCC_WARN_UNINITIALIZED_AUTOS = YES_AGGRESSIVE;
				GCC_WARN_UNUSED_FUNCTION = YES;
				GCC_WARN_UNUSED_VARIABLE = YES;
				IPHONEOS_DEPLOYMENT_TARGET = 11.4;
				MTL_ENABLE_DEBUG_INFO = NO;
				SDKROOT = iphoneos;
				SWIFT_COMPILATION_MODE = wholemodule;
				SWIFT_OPTIMIZATION_LEVEL = "-O";
				VALIDATE_PRODUCT = YES;
			};
			name = Release;
		};
		EA7934D0215AA43F00B2F3D8 /* Debug */ = {
			isa = XCBuildConfiguration;
			buildSettings = {
				ALWAYS_EMBED_SWIFT_STANDARD_LIBRARIES = YES;
				ASSETCATALOG_COMPILER_APPICON_NAME = AppIcon;
				CODE_SIGN_STYLE = Automatic;
				DEVELOPMENT_TEAM = 7QMFZ4YQ9F;
				INFOPLIST_FILE = ExampleProject/Info.plist;
				IPHONEOS_DEPLOYMENT_TARGET = 11.0;
				LD_RUNPATH_SEARCH_PATHS = (
					"$(inherited)",
					"@executable_path/Frameworks",
				);
				PRODUCT_BUNDLE_IDENTIFIER = com.laresivan.ExampleProject;
				PRODUCT_NAME = "$(TARGET_NAME)";
				SWIFT_VERSION = 4.0;
				TARGETED_DEVICE_FAMILY = "1,2";
			};
			name = Debug;
		};
		EA7934D1215AA43F00B2F3D8 /* Release */ = {
			isa = XCBuildConfiguration;
			buildSettings = {
				ALWAYS_EMBED_SWIFT_STANDARD_LIBRARIES = YES;
				ASSETCATALOG_COMPILER_APPICON_NAME = AppIcon;
				CODE_SIGN_STYLE = Automatic;
				DEVELOPMENT_TEAM = 7QMFZ4YQ9F;
				INFOPLIST_FILE = ExampleProject/Info.plist;
				IPHONEOS_DEPLOYMENT_TARGET = 11.0;
				LD_RUNPATH_SEARCH_PATHS = (
					"$(inherited)",
					"@executable_path/Frameworks",
				);
				PRODUCT_BUNDLE_IDENTIFIER = com.laresivan.ExampleProject;
				PRODUCT_NAME = "$(TARGET_NAME)";
				SWIFT_VERSION = 4.0;
				TARGETED_DEVICE_FAMILY = "1,2";
			};
			name = Release;
		};
/* End XCBuildConfiguration section */

/* Begin XCConfigurationList section */
		EA7934B8215AA43C00B2F3D8 /* Build configuration list for PBXProject "ExampleProject" */ = {
			isa = XCConfigurationList;
			buildConfigurations = (
				EA7934CD215AA43F00B2F3D8 /* Debug */,
				EA7934CE215AA43F00B2F3D8 /* Release */,
			);
			defaultConfigurationIsVisible = 0;
			defaultConfigurationName = Release;
		};
		EA7934CF215AA43F00B2F3D8 /* Build configuration list for PBXNativeTarget "ExampleProject" */ = {
			isa = XCConfigurationList;
			buildConfigurations = (
				EA7934D0215AA43F00B2F3D8 /* Debug */,
				EA7934D1215AA43F00B2F3D8 /* Release */,
			);
			defaultConfigurationIsVisible = 0;
			defaultConfigurationName = Release;
		};
/* End XCConfigurationList section */
	};
	rootObject = EA7934B5215AA43C00B2F3D8 /* Project object */;
}
